
Microsoft Visual Studio Solution File, Format Version 12.00
# Visual Studio Version 16
VisualStudioVersion = 16.0.31702.278
MinimumVisualStudioVersion = 10.0.40219.1
Project("{FAE04EC0-301F-11D3-BF4B-00C04F79EFBC}") = "aditionalTask", "aditionalTask\aditionalTask.csproj", "{AA52D4F2-4682-429F-A68C-8041B32FCEE8}"
EndProject
Project("{FAE04EC0-301F-11D3-BF4B-00C04F79EFBC}") = "task2", "task2\task2.csproj", "{62FCB119-F019-4503-BBE5-41716B6383DA}"
EndProject
Project("{FAE04EC0-301F-11D3-BF4B-00C04F79EFBC}") = "task3", "task3\task3.csproj", "{A7253B72-B0F3-417D-96F4-2EC9855F9D4F}"
EndProject
Global
	GlobalSection(SolutionConfigurationPlatforms) = preSolution
		Debug|Any CPU = Debug|Any CPU
		Release|Any CPU = Release|Any CPU
	EndGlobalSection
	GlobalSection(ProjectConfigurationPlatforms) = postSolution
		{AA52D4F2-4682-429F-A68C-8041B32FCEE8}.Debug|Any CPU.ActiveCfg = Debug|Any CPU
		{AA52D4F2-4682-429F-A68C-8041B32FCEE8}.Debug|Any CPU.Build.0 = Debug|Any CPU
		{AA52D4F2-4682-429F-A68C-8041B32FCEE8}.Release|Any CPU.ActiveCfg = Release|Any CPU
		{AA52D4F2-4682-429F-A68C-8041B32FCEE8}.Release|Any CPU.Build.0 = Release|Any CPU
		{62FCB119-F019-4503-BBE5-41716B6383DA}.Debug|Any CPU.ActiveCfg = Debug|Any CPU
		{62FCB119-F019-4503-BBE5-41716B6383DA}.Debug|Any CPU.Build.0 = Debug|Any CPU
		{62FCB119-F019-4503-BBE5-41716B6383DA}.Release|Any CPU.ActiveCfg = Release|Any CPU
		{62FCB119-F019-4503-BBE5-41716B6383DA}.Release|Any CPU.Build.0 = Release|Any CPU
		{A7253B72-B0F3-417D-96F4-2EC9855F9D4F}.Debug|Any CPU.ActiveCfg = Debug|Any CPU
		{A7253B72-B0F3-417D-96F4-2EC9855F9D4F}.Debug|Any CPU.Build.0 = Debug|Any CPU
		{A7253B72-B0F3-417D-96F4-2EC9855F9D4F}.Release|Any CPU.ActiveCfg = Release|Any CPU
		{A7253B72-B0F3-417D-96F4-2EC9855F9D4F}.Release|Any CPU.Build.0 = Release|Any CPU
	EndGlobalSection
	GlobalSection(SolutionProperties) = preSolution
		HideSolutionNode = FALSE
	EndGlobalSection
	GlobalSection(ExtensibilityGlobals) = postSolution
		SolutionGuid = {EA9415B9-2325-4AF0-B353-9AB76C964637}
	EndGlobalSection
EndGlobal
